
Microsoft Visual Studio Solution File, Format Version 12.00
# Visual Studio Version 16
VisualStudioVersion = 16.0.31729.503
MinimumVisualStudioVersion = 10.0.40219.1
Project("{FAE04EC0-301F-11D3-BF4B-00C04F79EFBC}") = "1-PrimeiroProjeto", "1-PrimeiroProjeto\1-PrimeiroProjeto.csproj", "{442698C9-6E1A-4365-9FCF-28C00787D684}"
EndProject
Project("{FAE04EC0-301F-11D3-BF4B-00C04F79EFBC}") = "2-CriandoVariaveis", "2-CriandoVariaveis\2-CriandoVariaveis.csproj", "{828D5016-97A3-4B9A-B900-64D6087E2F91}"
EndProject
Project("{FAE04EC0-301F-11D3-BF4B-00C04F79EFBC}") = "3-CriandoVariaveisFlutuante", "3-CriandoVariaveisFlutuante\3-CriandoVariaveisFlutuante.csproj", "{FFF3CF4B-9A89-4305-8870-B57FC9B1E231}"
EndProject
Project("{FAE04EC0-301F-11D3-BF4B-00C04F79EFBC}") = "4-ConversoesEOutrosTiposNumericos", "4-ConversoesEOutrosTiposNumericos\4-ConversoesEOutrosTiposNumericos.csproj", "{1F202B80-9022-4ECB-9867-59939A535690}"
EndProject
Project("{FAE04EC0-301F-11D3-BF4B-00C04F79EFBC}") = "5-CaracteresETextos", "5-CaracteresETextos\5-CaracteresETextos.csproj", "{C2DB1769-ED5A-4917-A23C-88D510DEF460}"
EndProject
Project("{FAE04EC0-301F-11D3-BF4B-00C04F79EFBC}") = "6-AtribuiçõesDeVariaveis", "6-AtribuiçõesDeVariaveis\6-AtribuiçõesDeVariaveis.csproj", "{740F5807-9352-4B9D-A866-31E8FAD28D98}"
EndProject
Project("{FAE04EC0-301F-11D3-BF4B-00C04F79EFBC}") = "7-Condicionais", "7-Condicionais\7-Condicionais.csproj", "{4B7E4FB5-EA9D-4D2C-ADD8-284EF3C958D1}"
EndProject
Project("{FAE04EC0-301F-11D3-BF4B-00C04F79EFBC}") = "8-Escopo", "8-Escopo\8-Escopo.csproj", "{D2BC755C-7EA8-4BB5-A9AF-734C4CB42713}"
EndProject
Global
	GlobalSection(SolutionConfigurationPlatforms) = preSolution
		Debug|Any CPU = Debug|Any CPU
		Release|Any CPU = Release|Any CPU
	EndGlobalSection
	GlobalSection(ProjectConfigurationPlatforms) = postSolution
		{442698C9-6E1A-4365-9FCF-28C00787D684}.Debug|Any CPU.ActiveCfg = Debug|Any CPU
		{442698C9-6E1A-4365-9FCF-28C00787D684}.Debug|Any CPU.Build.0 = Debug|Any CPU
		{442698C9-6E1A-4365-9FCF-28C00787D684}.Release|Any CPU.ActiveCfg = Release|Any CPU
		{442698C9-6E1A-4365-9FCF-28C00787D684}.Release|Any CPU.Build.0 = Release|Any CPU
		{828D5016-97A3-4B9A-B900-64D6087E2F91}.Debug|Any CPU.ActiveCfg = Debug|Any CPU
		{828D5016-97A3-4B9A-B900-64D6087E2F91}.Debug|Any CPU.Build.0 = Debug|Any CPU
		{828D5016-97A3-4B9A-B900-64D6087E2F91}.Release|Any CPU.ActiveCfg = Release|Any CPU
		{828D5016-97A3-4B9A-B900-64D6087E2F91}.Release|Any CPU.Build.0 = Release|Any CPU
		{FFF3CF4B-9A89-4305-8870-B57FC9B1E231}.Debug|Any CPU.ActiveCfg = Debug|Any CPU
		{FFF3CF4B-9A89-4305-8870-B57FC9B1E231}.Debug|Any CPU.Build.0 = Debug|Any CPU
		{FFF3CF4B-9A89-4305-8870-B57FC9B1E231}.Release|Any CPU.ActiveCfg = Release|Any CPU
		{FFF3CF4B-9A89-4305-8870-B57FC9B1E231}.Release|Any CPU.Build.0 = Release|Any CPU
		{1F202B80-9022-4ECB-9867-59939A535690}.Debug|Any CPU.ActiveCfg = Debug|Any CPU
		{1F202B80-9022-4ECB-9867-59939A535690}.Debug|Any CPU.Build.0 = Debug|Any CPU
		{1F202B80-9022-4ECB-9867-59939A535690}.Release|Any CPU.ActiveCfg = Release|Any CPU
		{1F202B80-9022-4ECB-9867-59939A535690}.Release|Any CPU.Build.0 = Release|Any CPU
		{C2DB1769-ED5A-4917-A23C-88D510DEF460}.Debug|Any CPU.ActiveCfg = Debug|Any CPU
		{C2DB1769-ED5A-4917-A23C-88D510DEF460}.Debug|Any CPU.Build.0 = Debug|Any CPU
		{C2DB1769-ED5A-4917-A23C-88D510DEF460}.Release|Any CPU.ActiveCfg = Release|Any CPU
		{C2DB1769-ED5A-4917-A23C-88D510DEF460}.Release|Any CPU.Build.0 = Release|Any CPU
		{740F5807-9352-4B9D-A866-31E8FAD28D98}.Debug|Any CPU.ActiveCfg = Debug|Any CPU
		{740F5807-9352-4B9D-A866-31E8FAD28D98}.Debug|Any CPU.Build.0 = Debug|Any CPU
		{740F5807-9352-4B9D-A866-31E8FAD28D98}.Release|Any CPU.ActiveCfg = Release|Any CPU
		{740F5807-9352-4B9D-A866-31E8FAD28D98}.Release|Any CPU.Build.0 = Release|Any CPU
		{4B7E4FB5-EA9D-4D2C-ADD8-284EF3C958D1}.Debug|Any CPU.ActiveCfg = Debug|Any CPU
		{4B7E4FB5-EA9D-4D2C-ADD8-284EF3C958D1}.Debug|Any CPU.Build.0 = Debug|Any CPU
		{4B7E4FB5-EA9D-4D2C-ADD8-284EF3C958D1}.Release|Any CPU.ActiveCfg = Release|Any CPU
		{4B7E4FB5-EA9D-4D2C-ADD8-284EF3C958D1}.Release|Any CPU.Build.0 = Release|Any CPU
		{D2BC755C-7EA8-4BB5-A9AF-734C4CB42713}.Debug|Any CPU.ActiveCfg = Debug|Any CPU
		{D2BC755C-7EA8-4BB5-A9AF-734C4CB42713}.Debug|Any CPU.Build.0 = Debug|Any CPU
		{D2BC755C-7EA8-4BB5-A9AF-734C4CB42713}.Release|Any CPU.ActiveCfg = Release|Any CPU
		{D2BC755C-7EA8-4BB5-A9AF-734C4CB42713}.Release|Any CPU.Build.0 = Release|Any CPU
	EndGlobalSection
	GlobalSection(SolutionProperties) = preSolution
		HideSolutionNode = FALSE
	EndGlobalSection
	GlobalSection(ExtensibilityGlobals) = postSolution
		SolutionGuid = {4002BBE2-C72D-451B-8914-485A4969E094}
	EndGlobalSection
EndGlobal
