
Microsoft Visual Studio Solution File, Format Version 12.00
# Visual Studio Version 16
VisualStudioVersion = 16.0.31729.503
MinimumVisualStudioVersion = 10.0.40219.1
Project("{FAE04EC0-301F-11D3-BF4B-00C04F79EFBC}") = "1-PrimeiroProjeto", "1-PrimeiroProjeto\1-PrimeiroProjeto.csproj", "{442698C9-6E1A-4365-9FCF-28C00787D684}"
EndProject
Project("{FAE04EC0-301F-11D3-BF4B-00C04F79EFBC}") = "2-CriandoVariaveis", "2-CriandoVariaveis\2-CriandoVariaveis.csproj", "{828D5016-97A3-4B9A-B900-64D6087E2F91}"
EndProject
Project("{FAE04EC0-301F-11D3-BF4B-00C04F79EFBC}") = "3-CriandoVariaveisFlutuante", "3-CriandoVariaveisFlutuante\3-CriandoVariaveisFlutuante.csproj", "{FFF3CF4B-9A89-4305-8870-B57FC9B1E231}"
EndProject
Global
	GlobalSection(SolutionConfigurationPlatforms) = preSolution
		Debug|Any CPU = Debug|Any CPU
		Release|Any CPU = Release|Any CPU
	EndGlobalSection
	GlobalSection(ProjectConfigurationPlatforms) = postSolution
		{442698C9-6E1A-4365-9FCF-28C00787D684}.Debug|Any CPU.ActiveCfg = Debug|Any CPU
		{442698C9-6E1A-4365-9FCF-28C00787D684}.Debug|Any CPU.Build.0 = Debug|Any CPU
		{442698C9-6E1A-4365-9FCF-28C00787D684}.Release|Any CPU.ActiveCfg = Release|Any CPU
		{442698C9-6E1A-4365-9FCF-28C00787D684}.Release|Any CPU.Build.0 = Release|Any CPU
		{828D5016-97A3-4B9A-B900-64D6087E2F91}.Debug|Any CPU.ActiveCfg = Debug|Any CPU
		{828D5016-97A3-4B9A-B900-64D6087E2F91}.Debug|Any CPU.Build.0 = Debug|Any CPU
		{828D5016-97A3-4B9A-B900-64D6087E2F91}.Release|Any CPU.ActiveCfg = Release|Any CPU
		{828D5016-97A3-4B9A-B900-64D6087E2F91}.Release|Any CPU.Build.0 = Release|Any CPU
		{FFF3CF4B-9A89-4305-8870-B57FC9B1E231}.Debug|Any CPU.ActiveCfg = Debug|Any CPU
		{FFF3CF4B-9A89-4305-8870-B57FC9B1E231}.Debug|Any CPU.Build.0 = Debug|Any CPU
		{FFF3CF4B-9A89-4305-8870-B57FC9B1E231}.Release|Any CPU.ActiveCfg = Release|Any CPU
		{FFF3CF4B-9A89-4305-8870-B57FC9B1E231}.Release|Any CPU.Build.0 = Release|Any CPU
	EndGlobalSection
	GlobalSection(SolutionProperties) = preSolution
		HideSolutionNode = FALSE
	EndGlobalSection
	GlobalSection(ExtensibilityGlobals) = postSolution
		SolutionGuid = {4002BBE2-C72D-451B-8914-485A4969E094}
	EndGlobalSection
EndGlobal
